
Microsoft Visual Studio Solution File, Format Version 12.00
# Visual Studio 15
VisualStudioVersion = 15.0.28010.2036
MinimumVisualStudioVersion = 10.0.40219.1
Project("{FAE04EC0-301F-11D3-BF4B-00C04F79EFBC}") = "MyFirstWebApp", "MyFirstWebApp\MyFirstWebApp.csproj", "{57427307-52FB-404F-93B8-B799A4E4C713}"
EndProject
Global
	GlobalSection(SolutionConfigurationPlatforms) = preSolution
		Debug|Any CPU = Debug|Any CPU
		Release|Any CPU = Release|Any CPU
	EndGlobalSection
	GlobalSection(ProjectConfigurationPlatforms) = postSolution
		{57427307-52FB-404F-93B8-B799A4E4C713}.Debug|Any CPU.ActiveCfg = Debug|Any CPU
		{57427307-52FB-404F-93B8-B799A4E4C713}.Debug|Any CPU.Build.0 = Debug|Any CPU
		{57427307-52FB-404F-93B8-B799A4E4C713}.Release|Any CPU.ActiveCfg = Release|Any CPU
		{57427307-52FB-404F-93B8-B799A4E4C713}.Release|Any CPU.Build.0 = Release|Any CPU
	EndGlobalSection
	GlobalSection(SolutionProperties) = preSolution
		HideSolutionNode = FALSE
	EndGlobalSection
	GlobalSection(ExtensibilityGlobals) = postSolution
		SolutionGuid = {A9478FF9-025A-4375-A492-2F8AA8E157EA}
	EndGlobalSection
EndGlobal
